
Microsoft Visual Studio Solution File, Format Version 12.00
# Visual Studio Version 17
VisualStudioVersion = 17.2.32616.157
MinimumVisualStudioVersion = 10.0.40219.1
Project("{FAE04EC0-301F-11D3-BF4B-00C04F79EFBC}") = "AbstractProductA", "AbstractProdyct\AbstractProductA.csproj", "{52B0E52A-1D2B-417F-BD21-4EED88066D9C}"
EndProject
Project("{FAE04EC0-301F-11D3-BF4B-00C04F79EFBC}") = "AbstractProductB", "AbstractProductB\AbstractProductB.csproj", "{F18363F1-63FC-4F33-B416-CC01ED8B0964}"
EndProject
Project("{FAE04EC0-301F-11D3-BF4B-00C04F79EFBC}") = "MyLib", "MyLib\MyLib.csproj", "{8598BDC1-4CB1-47FA-BF90-D0A2B454E8F5}"
EndProject
Global
	GlobalSection(SolutionConfigurationPlatforms) = preSolution
		Debug|Any CPU = Debug|Any CPU
		Release|Any CPU = Release|Any CPU
	EndGlobalSection
	GlobalSection(ProjectConfigurationPlatforms) = postSolution
		{52B0E52A-1D2B-417F-BD21-4EED88066D9C}.Debug|Any CPU.ActiveCfg = Debug|Any CPU
		{52B0E52A-1D2B-417F-BD21-4EED88066D9C}.Debug|Any CPU.Build.0 = Debug|Any CPU
		{52B0E52A-1D2B-417F-BD21-4EED88066D9C}.Release|Any CPU.ActiveCfg = Release|Any CPU
		{52B0E52A-1D2B-417F-BD21-4EED88066D9C}.Release|Any CPU.Build.0 = Release|Any CPU
		{F18363F1-63FC-4F33-B416-CC01ED8B0964}.Debug|Any CPU.ActiveCfg = Debug|Any CPU
		{F18363F1-63FC-4F33-B416-CC01ED8B0964}.Debug|Any CPU.Build.0 = Debug|Any CPU
		{F18363F1-63FC-4F33-B416-CC01ED8B0964}.Release|Any CPU.ActiveCfg = Release|Any CPU
		{F18363F1-63FC-4F33-B416-CC01ED8B0964}.Release|Any CPU.Build.0 = Release|Any CPU
		{8598BDC1-4CB1-47FA-BF90-D0A2B454E8F5}.Debug|Any CPU.ActiveCfg = Debug|Any CPU
		{8598BDC1-4CB1-47FA-BF90-D0A2B454E8F5}.Debug|Any CPU.Build.0 = Debug|Any CPU
		{8598BDC1-4CB1-47FA-BF90-D0A2B454E8F5}.Release|Any CPU.ActiveCfg = Release|Any CPU
		{8598BDC1-4CB1-47FA-BF90-D0A2B454E8F5}.Release|Any CPU.Build.0 = Release|Any CPU
	EndGlobalSection
	GlobalSection(SolutionProperties) = preSolution
		HideSolutionNode = FALSE
	EndGlobalSection
	GlobalSection(ExtensibilityGlobals) = postSolution
		SolutionGuid = {B224418E-5352-46C3-81E6-4B4EF31ED4DC}
	EndGlobalSection
EndGlobal
